{
  "originHash" : "e39a1df8f2874a7554aeea5836903dbe5cfa9b4ccc84cc3b396123f5f5240902",
  "pins" : [
    {
      "identity" : "highlightr",
      "kind" : "remoteSourceControl",
      "location" : "https://github.com/raspu/Highlightr",
      "state" : {
        "revision" : "93199b9e434f04bda956a613af8f571933f9f037",
        "version" : "2.1.2"
      }
    },
    {
      "identity" : "photonmediakit",
      "kind" : "remoteSourceControl",
      "location" : "https://github.com/JuniperPhoton/PhotonMediaKit",
      "state" : {
        "revision" : "d80ac73572569da2bdb2cdc57c90e34402ffc729",
        "version" : "1.0.2"
      }
    },
    {
      "identity" : "photonutilitykit",
      "kind" : "remoteSourceControl",
      "location" : "https://github.com/JuniperPhoton/PhotonUtilityKit",
      "state" : {
        "branch" : "main",
        "revision" : "c507af7761e018b4232bd98db5d847032fb34ee7"
      }
    },
    {
      "identity" : "pinlayout",
      "kind" : "remoteSourceControl",
      "location" : "https://github.com/layoutBox/PinLayout",
      "state" : {
        "revision" : "ce929a6ecdc6701adee9bdf9d949e0036f567ca7",
        "version" : "1.10.4"
      }
    },
    {
      "identity" : "swiftui-introspect",
      "kind" : "remoteSourceControl",
      "location" : "https://github.com/siteline/swiftui-introspect",
      "state" : {
        "revision" : "121c146fe591b1320238d054ae35c81ffa45f45a",
        "version" : "0.12.0"
      }
    }
  ],
  "version" : 3
}
