{
  "originHash" : "e39a1df8f2874a7554aeea5836903dbe5cfa9b4ccc84cc3b396123f5f5240902",
  "pins" : [
    {
      "identity" : "highlightr",
      "kind" : "remoteSourceControl",
      "location" : "https://github.com/raspu/Highlightr",
      "state" : {
        "revision" : "93199b9e434f04bda956a613af8f571933f9f037",
        "version" : "2.1.2"
      }
    },
    {
      "identity" : "photonmediakit",
      "kind" : "remoteSourceControl",
      "location" : "https://github.com/JuniperPhoton/PhotonMediaKit",
      "state" : {
        "revision" : "8bb8155a4116d520bca408f557ad950a9bbe7276",
        "version" : "1.2.38"
      }
    },
    {
      "identity" : "photonutilitykit",
      "kind" : "remoteSourceControl",
      "location" : "https://github.com/JuniperPhoton/PhotonUtilityKit",
      "state" : {
        "revision" : "ebcbbede356874dd87dfd4627b56c4a8918d305d",
        "version" : "1.4.47"
      }
    },
    {
      "identity" : "swiftui-introspect",
      "kind" : "remoteSourceControl",
      "location" : "https://github.com/siteline/swiftui-introspect",
      "state" : {
        "revision" : "668a65735751432b640260c56dfa621cec568368",
        "version" : "1.2.0"
      }
    }
  ],
  "version" : 3
}
